{
    "version": 3,
    "terraform_version": "0.8.1",
    "serial": 1,
    "lineage": "7d05c4c2-0be7-42fb-8d19-9dd6e9fde8b8",
    "modules": [
        {
            "path": [
                "root"
            ],
            "outputs": {},
            "resources": {
                "aws_iam_role.iam_role_for_lambda": {
                    "type": "aws_iam_role",
                    "depends_on": [],
                    "primary": {
                        "id": "iam_role_for_lambda",
                        "attributes": {
                            "arn": "arn:aws:iam::109549055893:role/iam_role_for_lambda",
                            "assume_role_policy": "{\n    \"Version\": \"2012-10-17\",\n    \"Statement\": [\n        {\n            \"Sid\": \"\",\n            \"Effect\": \"Allow\",\n            \"Action\": \"sts:AssumeRole\",\n            \"Principal\": {\n              \"Service\": \"lambda.amazonaws.com\"\n            }\n        }\n    ]\n}\n",
                            "create_date": "2017-01-26T18:00:51Z",
                            "id": "iam_role_for_lambda",
                            "name": "iam_role_for_lambda",
                            "path": "/",
                            "unique_id": "AROAJOIY2EGSWRDD4ZPCU"
                        },
                        "meta": {},
                        "tainted": false
                    },
                    "deposed": [],
                    "provider": ""
                }
            },
            "depends_on": []
        }
    ]
}
