{
    "version": 3,
    "terraform_version": "0.8.1",
    "serial": 6,
    "lineage": "7d05c4c2-0be7-42fb-8d19-9dd6e9fde8b8",
    "modules": [
        {
            "path": [
                "root"
            ],
            "outputs": {},
            "resources": {
                "aws_iam_role.iam_role_for_lambda": {
                    "type": "aws_iam_role",
                    "depends_on": [],
                    "primary": {
                        "id": "iam_role_for_lambda",
                        "attributes": {
                            "arn": "arn:aws:iam::458323522494:role/iam_role_for_lambda",
                            "assume_role_policy": "{\"Version\":\"2012-10-17\",\"Statement\":[{\"Sid\":\"\",\"Effect\":\"Allow\",\"Principal\":{\"Service\":\"lambda.amazonaws.com\"},\"Action\":\"sts:AssumeRole\"}]}",
                            "create_date": "2017-02-01T17:20:19Z",
                            "id": "iam_role_for_lambda",
                            "name": "iam_role_for_lambda",
                            "path": "/",
                            "unique_id": "AROAJOLGBUOEYWZCLTCJM"
                        },
                        "meta": {},
                        "tainted": false
                    },
                    "deposed": [],
                    "provider": ""
                },
                "aws_iam_role_policy.lambda_policy": {
                    "type": "aws_iam_role_policy",
                    "depends_on": [
                        "aws_iam_role.iam_role_for_lambda"
                    ],
                    "primary": {
                        "id": "iam_role_for_lambda:test_policy",
                        "attributes": {
                            "id": "iam_role_for_lambda:test_policy",
                            "name": "test_policy",
                            "policy": "{\n    \"Version\": \"2012-10-17\",\n\t\"Statement\": [\n        {\n            \"Sid\": \"Stmt1485448841000\",\n            \"Effect\": \"Allow\",\n            \"Action\": [\n                \"lambda:CreateFunction\",\n                \"lambda:UpdateFunctionCode\",\n                \"lambda:UpdateFunctionConfiguration\",\n                \"lambda:UploadFunction\"\n            ],\n            \"Resource\": \"*\"\n        },\n        {\n            \"Sid\": \"Stmt1485449225000\",\n            \"Effect\": \"Allow\",\n            \"Action\": [\n                \"kinesis:DescribeStream\",\n                \"kinesis:GetShardIterator\",\n                \"kinesis:GetRecords\",\n                \"kinesis:ListStreams\"\n            ],\n            \"Resource\": \"*\"\n        },\n        {\n            \"Sid\": \"Stmt1485449317000\",\n            \"Effect\": \"Allow\",\n            \"Action\": [\n                \"logs:CreateLogGroup\",\n                \"logs:CreateLogStream\",\n                \"logs:PutLogEvents\"\n            ],\n            \"Resource\": \"*\"\n        }\n\t]\n}\n",
                            "role": "iam_role_for_lambda"
                        },
                        "meta": {},
                        "tainted": false
                    },
                    "deposed": [],
                    "provider": ""
                }
            },
            "depends_on": []
        }
    ]
}
